// !$*UTF8*$!
{
	archiveVersion = 1;
	classes = {
	};
	objectVersion = 46;
	objects = {

/* Begin PBXBuildFile section */
		C9FCD8931E8B399400543D1F /* AppDelegate.swift in Sources */ = {isa = PBXBuildFile; fileRef = C9FCD8921E8B399400543D1F /* AppDelegate.swift */; };
		C9FCD8951E8B399400543D1F /* ViewController.swift in Sources */ = {isa = PBXBuildFile; fileRef = C9FCD8941E8B399400543D1F /* ViewController.swift */; };
		C9FCD8981E8B399400543D1F /* Main.storyboard in Resources */ = {isa = PBXBuildFile; fileRef = C9FCD8961E8B399400543D1F /* Main.storyboard */; };
		C9FCD89A1E8B399400543D1F /* Assets.xcassets in Resources */ = {isa = PBXBuildFile; fileRef = C9FCD8991E8B399400543D1F /* Assets.xcassets */; };
		C9FCD89D1E8B399400543D1F /* LaunchScreen.storyboard in Resources */ = {isa = PBXBuildFile; fileRef = C9FCD89B1E8B399400543D1F /* LaunchScreen.storyboard */; };
		C9FCD8A51E8B81EE00543D1F /* ExpandedViewController.swift in Sources */ = {isa = PBXBuildFile; fileRef = C9FCD8A41E8B81EE00543D1F /* ExpandedViewController.swift */; };
		C9FCD8A71E8BDF7E00543D1F /* apple_an_evolution_in_photos_000.jpg in Resources */ = {isa = PBXBuildFile; fileRef = C9FCD8A61E8BDF7E00543D1F /* apple_an_evolution_in_photos_000.jpg */; };
		C9FCD8AA1E8BDFCB00543D1F /* apple_an_evolution_in_photos_001.jpg in Resources */ = {isa = PBXBuildFile; fileRef = C9FCD8A91E8BDFCB00543D1F /* apple_an_evolution_in_photos_001.jpg */; };
		C9FCD8AC1E8BDFF200543D1F /* mac-128k.jpg in Resources */ = {isa = PBXBuildFile; fileRef = C9FCD8AB1E8BDFF200543D1F /* mac-128k.jpg */; };
		C9FCD8AE1E8BE00300543D1F /* apple_an_evolution_in_photos_023.jpg in Resources */ = {isa = PBXBuildFile; fileRef = C9FCD8AD1E8BE00300543D1F /* apple_an_evolution_in_photos_023.jpg */; };
		C9FCD8B01E8BE02000543D1F /* apple_an_evolution_in_photos_027.jpg in Resources */ = {isa = PBXBuildFile; fileRef = C9FCD8AF1E8BE02000543D1F /* apple_an_evolution_in_photos_027.jpg */; };
		C9FCD8B21E8BE02E00543D1F /* apple_an_evolution_in_photos_029.jpg in Resources */ = {isa = PBXBuildFile; fileRef = C9FCD8B11E8BE02E00543D1F /* apple_an_evolution_in_photos_029.jpg */; };
		C9FCD8B41E8BE03B00543D1F /* apple_an_evolution_in_photos_038.jpg in Resources */ = {isa = PBXBuildFile; fileRef = C9FCD8B31E8BE03B00543D1F /* apple_an_evolution_in_photos_038.jpg */; };
		C9FCD8B61E8BE04300543D1F /* apple_an_evolution_in_photos_043.jpg in Resources */ = {isa = PBXBuildFile; fileRef = C9FCD8B51E8BE04300543D1F /* apple_an_evolution_in_photos_043.jpg */; };
/* End PBXBuildFile section */

/* Begin PBXFileReference section */
		C9FCD88F1E8B399400543D1F /* SlideshowApp.app */ = {isa = PBXFileReference; explicitFileType = wrapper.application; includeInIndex = 0; path = SlideshowApp.app; sourceTree = BUILT_PRODUCTS_DIR; };
		C9FCD8921E8B399400543D1F /* AppDelegate.swift */ = {isa = PBXFileReference; lastKnownFileType = sourcecode.swift; path = AppDelegate.swift; sourceTree = "<group>"; };
		C9FCD8941E8B399400543D1F /* ViewController.swift */ = {isa = PBXFileReference; lastKnownFileType = sourcecode.swift; path = ViewController.swift; sourceTree = "<group>"; };
		C9FCD8971E8B399400543D1F /* Base */ = {isa = PBXFileReference; lastKnownFileType = file.storyboard; name = Base; path = Base.lproj/Main.storyboard; sourceTree = "<group>"; };
		C9FCD8991E8B399400543D1F /* Assets.xcassets */ = {isa = PBXFileReference; lastKnownFileType = folder.assetcatalog; path = Assets.xcassets; sourceTree = "<group>"; };
		C9FCD89C1E8B399400543D1F /* Base */ = {isa = PBXFileReference; lastKnownFileType = file.storyboard; name = Base; path = Base.lproj/LaunchScreen.storyboard; sourceTree = "<group>"; };
		C9FCD89E1E8B399400543D1F /* Info.plist */ = {isa = PBXFileReference; lastKnownFileType = text.plist.xml; path = Info.plist; sourceTree = "<group>"; };
		C9FCD8A41E8B81EE00543D1F /* ExpandedViewController.swift */ = {isa = PBXFileReference; fileEncoding = 4; lastKnownFileType = sourcecode.swift; path = ExpandedViewController.swift; sourceTree = "<group>"; };
		C9FCD8A61E8BDF7E00543D1F /* apple_an_evolution_in_photos_000.jpg */ = {isa = PBXFileReference; lastKnownFileType = image.jpeg; path = apple_an_evolution_in_photos_000.jpg; sourceTree = "<group>"; };
		C9FCD8A91E8BDFCB00543D1F /* apple_an_evolution_in_photos_001.jpg */ = {isa = PBXFileReference; lastKnownFileType = image.jpeg; path = apple_an_evolution_in_photos_001.jpg; sourceTree = "<group>"; };
		C9FCD8AB1E8BDFF200543D1F /* mac-128k.jpg */ = {isa = PBXFileReference; lastKnownFileType = image.jpeg; path = "mac-128k.jpg"; sourceTree = "<group>"; };
		C9FCD8AD1E8BE00300543D1F /* apple_an_evolution_in_photos_023.jpg */ = {isa = PBXFileReference; lastKnownFileType = image.jpeg; path = apple_an_evolution_in_photos_023.jpg; sourceTree = "<group>"; };
		C9FCD8AF1E8BE02000543D1F /* apple_an_evolution_in_photos_027.jpg */ = {isa = PBXFileReference; lastKnownFileType = image.jpeg; path = apple_an_evolution_in_photos_027.jpg; sourceTree = "<group>"; };
		C9FCD8B11E8BE02E00543D1F /* apple_an_evolution_in_photos_029.jpg */ = {isa = PBXFileReference; lastKnownFileType = image.jpeg; path = apple_an_evolution_in_photos_029.jpg; sourceTree = "<group>"; };
		C9FCD8B31E8BE03B00543D1F /* apple_an_evolution_in_photos_038.jpg */ = {isa = PBXFileReference; lastKnownFileType = image.jpeg; path = apple_an_evolution_in_photos_038.jpg; sourceTree = "<group>"; };
		C9FCD8B51E8BE04300543D1F /* apple_an_evolution_in_photos_043.jpg */ = {isa = PBXFileReference; lastKnownFileType = image.jpeg; path = apple_an_evolution_in_photos_043.jpg; sourceTree = "<group>"; };
/* End PBXFileReference section */

/* Begin PBXFrameworksBuildPhase section */
		C9FCD88C1E8B399400543D1F /* Frameworks */ = {
			isa = PBXFrameworksBuildPhase;
			buildActionMask = 2147483647;
			files = (
			);
			runOnlyForDeploymentPostprocessing = 0;
		};
/* End PBXFrameworksBuildPhase section */

/* Begin PBXGroup section */
		C9FCD8861E8B399400543D1F = {
			isa = PBXGroup;
			children = (
				C9FCD8911E8B399400543D1F /* SlideshowApp */,
				C9FCD8901E8B399400543D1F /* Products */,
			);
			sourceTree = "<group>";
		};
		C9FCD8901E8B399400543D1F /* Products */ = {
			isa = PBXGroup;
			children = (
				C9FCD88F1E8B399400543D1F /* SlideshowApp.app */,
			);
			name = Products;
			sourceTree = "<group>";
		};
		C9FCD8911E8B399400543D1F /* SlideshowApp */ = {
			isa = PBXGroup;
			children = (
				C9FCD8921E8B399400543D1F /* AppDelegate.swift */,
				C9FCD8941E8B399400543D1F /* ViewController.swift */,
				C9FCD8961E8B399400543D1F /* Main.storyboard */,
				C9FCD8A81E8BDF9400543D1F /* images */,
				C9FCD8A41E8B81EE00543D1F /* ExpandedViewController.swift */,
				C9FCD8991E8B399400543D1F /* Assets.xcassets */,
				C9FCD89B1E8B399400543D1F /* LaunchScreen.storyboard */,
				C9FCD89E1E8B399400543D1F /* Info.plist */,
			);
			path = SlideshowApp;
			sourceTree = "<group>";
		};
		C9FCD8A81E8BDF9400543D1F /* images */ = {
			isa = PBXGroup;
			children = (
				C9FCD8A61E8BDF7E00543D1F /* apple_an_evolution_in_photos_000.jpg */,
				C9FCD8A91E8BDFCB00543D1F /* apple_an_evolution_in_photos_001.jpg */,
				C9FCD8AB1E8BDFF200543D1F /* mac-128k.jpg */,
				C9FCD8AD1E8BE00300543D1F /* apple_an_evolution_in_photos_023.jpg */,
				C9FCD8AF1E8BE02000543D1F /* apple_an_evolution_in_photos_027.jpg */,
				C9FCD8B11E8BE02E00543D1F /* apple_an_evolution_in_photos_029.jpg */,
				C9FCD8B31E8BE03B00543D1F /* apple_an_evolution_in_photos_038.jpg */,
				C9FCD8B51E8BE04300543D1F /* apple_an_evolution_in_photos_043.jpg */,
			);
			name = images;
			sourceTree = "<group>";
		};
/* End PBXGroup section */

/* Begin PBXNativeTarget section */
		C9FCD88E1E8B399400543D1F /* SlideshowApp */ = {
			isa = PBXNativeTarget;
			buildConfigurationList = C9FCD8A11E8B399400543D1F /* Build configuration list for PBXNativeTarget "SlideshowApp" */;
			buildPhases = (
				C9FCD88B1E8B399400543D1F /* Sources */,
				C9FCD88C1E8B399400543D1F /* Frameworks */,
				C9FCD88D1E8B399400543D1F /* Resources */,
			);
			buildRules = (
			);
			dependencies = (
			);
			name = SlideshowApp;
			productName = SlideshowApp;
			productReference = C9FCD88F1E8B399400543D1F /* SlideshowApp.app */;
			productType = "com.apple.product-type.application";
		};
/* End PBXNativeTarget section */

/* Begin PBXProject section */
		C9FCD8871E8B399400543D1F /* Project object */ = {
			isa = PBXProject;
			attributes = {
				LastSwiftUpdateCheck = 0820;
				LastUpgradeCheck = 0820;
				ORGANIZATIONNAME = "Shuta Kobayashi";
				TargetAttributes = {
					C9FCD88E1E8B399400543D1F = {
						CreatedOnToolsVersion = 8.2.1;
						DevelopmentTeam = J58EZ286ED;
						ProvisioningStyle = Automatic;
					};
				};
			};
			buildConfigurationList = C9FCD88A1E8B399400543D1F /* Build configuration list for PBXProject "SlideshowApp" */;
			compatibilityVersion = "Xcode 3.2";
			developmentRegion = English;
			hasScannedForEncodings = 0;
			knownRegions = (
				en,
				Base,
			);
			mainGroup = C9FCD8861E8B399400543D1F;
			productRefGroup = C9FCD8901E8B399400543D1F /* Products */;
			projectDirPath = "";
			projectRoot = "";
			targets = (
				C9FCD88E1E8B399400543D1F /* SlideshowApp */,
			);
		};
/* End PBXProject section */

/* Begin PBXResourcesBuildPhase section */
		C9FCD88D1E8B399400543D1F /* Resources */ = {
			isa = PBXResourcesBuildPhase;
			buildActionMask = 2147483647;
			files = (
				C9FCD8A71E8BDF7E00543D1F /* apple_an_evolution_in_photos_000.jpg in Resources */,
				C9FCD8B61E8BE04300543D1F /* apple_an_evolution_in_photos_043.jpg in Resources */,
				C9FCD8B01E8BE02000543D1F /* apple_an_evolution_in_photos_027.jpg in Resources */,
				C9FCD89D1E8B399400543D1F /* LaunchScreen.storyboard in Resources */,
				C9FCD8AA1E8BDFCB00543D1F /* apple_an_evolution_in_photos_001.jpg in Resources */,
				C9FCD8AC1E8BDFF200543D1F /* mac-128k.jpg in Resources */,
				C9FCD8B21E8BE02E00543D1F /* apple_an_evolution_in_photos_029.jpg in Resources */,
				C9FCD89A1E8B399400543D1F /* Assets.xcassets in Resources */,
				C9FCD8B41E8BE03B00543D1F /* apple_an_evolution_in_photos_038.jpg in Resources */,
				C9FCD8AE1E8BE00300543D1F /* apple_an_evolution_in_photos_023.jpg in Resources */,
				C9FCD8981E8B399400543D1F /* Main.storyboard in Resources */,
			);
			runOnlyForDeploymentPostprocessing = 0;
		};
/* End PBXResourcesBuildPhase section */

/* Begin PBXSourcesBuildPhase section */
		C9FCD88B1E8B399400543D1F /* Sources */ = {
			isa = PBXSourcesBuildPhase;
			buildActionMask = 2147483647;
			files = (
				C9FCD8A51E8B81EE00543D1F /* ExpandedViewController.swift in Sources */,
				C9FCD8951E8B399400543D1F /* ViewController.swift in Sources */,
				C9FCD8931E8B399400543D1F /* AppDelegate.swift in Sources */,
			);
			runOnlyForDeploymentPostprocessing = 0;
		};
/* End PBXSourcesBuildPhase section */

/* Begin PBXVariantGroup section */
		C9FCD8961E8B399400543D1F /* Main.storyboard */ = {
			isa = PBXVariantGroup;
			children = (
				C9FCD8971E8B399400543D1F /* Base */,
			);
			name = Main.storyboard;
			sourceTree = "<group>";
		};
		C9FCD89B1E8B399400543D1F /* LaunchScreen.storyboard */ = {
			isa = PBXVariantGroup;
			children = (
				C9FCD89C1E8B399400543D1F /* Base */,
			);
			name = LaunchScreen.storyboard;
			sourceTree = "<group>";
		};
/* End PBXVariantGroup section */

/* Begin XCBuildConfiguration section */
		C9FCD89F1E8B399400543D1F /* Debug */ = {
			isa = XCBuildConfiguration;
			buildSettings = {
				ALWAYS_SEARCH_USER_PATHS = NO;
				CLANG_ANALYZER_NONNULL = YES;
				CLANG_CXX_LANGUAGE_STANDARD = "gnu++0x";
				CLANG_CXX_LIBRARY = "libc++";
				CLANG_ENABLE_MODULES = YES;
				CLANG_ENABLE_OBJC_ARC = YES;
				CLANG_WARN_BOOL_CONVERSION = YES;
				CLANG_WARN_CONSTANT_CONVERSION = YES;
				CLANG_WARN_DIRECT_OBJC_ISA_USAGE = YES_ERROR;
				CLANG_WARN_DOCUMENTATION_COMMENTS = YES;
				CLANG_WARN_EMPTY_BODY = YES;
				CLANG_WARN_ENUM_CONVERSION = YES;
				CLANG_WARN_INFINITE_RECURSION = YES;
				CLANG_WARN_INT_CONVERSION = YES;
				CLANG_WARN_OBJC_ROOT_CLASS = YES_ERROR;
				CLANG_WARN_SUSPICIOUS_MOVE = YES;
				CLANG_WARN_UNREACHABLE_CODE = YES;
				CLANG_WARN__DUPLICATE_METHOD_MATCH = YES;
				"CODE_SIGN_IDENTITY[sdk=iphoneos*]" = "iPhone Developer";
				COPY_PHASE_STRIP = NO;
				DEBUG_INFORMATION_FORMAT = dwarf;
				ENABLE_STRICT_OBJC_MSGSEND = YES;
				ENABLE_TESTABILITY = YES;
				GCC_C_LANGUAGE_STANDARD = gnu99;
				GCC_DYNAMIC_NO_PIC = NO;
				GCC_NO_COMMON_BLOCKS = YES;
				GCC_OPTIMIZATION_LEVEL = 0;
				GCC_PREPROCESSOR_DEFINITIONS = (
					"DEBUG=1",
					"$(inherited)",
				);
				GCC_WARN_64_TO_32_BIT_CONVERSION = YES;
				GCC_WARN_ABOUT_RETURN_TYPE = YES_ERROR;
				GCC_WARN_UNDECLARED_SELECTOR = YES;
				GCC_WARN_UNINITIALIZED_AUTOS = YES_AGGRESSIVE;
				GCC_WARN_UNUSED_FUNCTION = YES;
				GCC_WARN_UNUSED_VARIABLE = YES;
				IPHONEOS_DEPLOYMENT_TARGET = 10.2;
				MTL_ENABLE_DEBUG_INFO = YES;
				ONLY_ACTIVE_ARCH = YES;
				SDKROOT = iphoneos;
				SWIFT_ACTIVE_COMPILATION_CONDITIONS = DEBUG;
				SWIFT_OPTIMIZATION_LEVEL = "-Onone";
				TARGETED_DEVICE_FAMILY = "1,2";
			};
			name = Debug;
		};
		C9FCD8A01E8B399400543D1F /* Release */ = {
			isa = XCBuildConfiguration;
			buildSettings = {
				ALWAYS_SEARCH_USER_PATHS = NO;
				CLANG_ANALYZER_NONNULL = YES;
				CLANG_CXX_LANGUAGE_STANDARD = "gnu++0x";
				CLANG_CXX_LIBRARY = "libc++";
				CLANG_ENABLE_MODULES = YES;
				CLANG_ENABLE_OBJC_ARC = YES;
				CLANG_WARN_BOOL_CONVERSION = YES;
				CLANG_WARN_CONSTANT_CONVERSION = YES;
				CLANG_WARN_DIRECT_OBJC_ISA_USAGE = YES_ERROR;
				CLANG_WARN_DOCUMENTATION_COMMENTS = YES;
				CLANG_WARN_EMPTY_BODY = YES;
				CLANG_WARN_ENUM_CONVERSION = YES;
				CLANG_WARN_INFINITE_RECURSION = YES;
				CLANG_WARN_INT_CONVERSION = YES;
				CLANG_WARN_OBJC_ROOT_CLASS = YES_ERROR;
				CLANG_WARN_SUSPICIOUS_MOVE = YES;
				CLANG_WARN_UNREACHABLE_CODE = YES;
				CLANG_WARN__DUPLICATE_METHOD_MATCH = YES;
				"CODE_SIGN_IDENTITY[sdk=iphoneos*]" = "iPhone Developer";
				COPY_PHASE_STRIP = NO;
				DEBUG_INFORMATION_FORMAT = "dwarf-with-dsym";
				ENABLE_NS_ASSERTIONS = NO;
				ENABLE_STRICT_OBJC_MSGSEND = YES;
				GCC_C_LANGUAGE_STANDARD = gnu99;
				GCC_NO_COMMON_BLOCKS = YES;
				GCC_WARN_64_TO_32_BIT_CONVERSION = YES;
				GCC_WARN_ABOUT_RETURN_TYPE = YES_ERROR;
				GCC_WARN_UNDECLARED_SELECTOR = YES;
				GCC_WARN_UNINITIALIZED_AUTOS = YES_AGGRESSIVE;
				GCC_WARN_UNUSED_FUNCTION = YES;
				GCC_WARN_UNUSED_VARIABLE = YES;
				IPHONEOS_DEPLOYMENT_TARGET = 10.2;
				MTL_ENABLE_DEBUG_INFO = NO;
				SDKROOT = iphoneos;
				SWIFT_OPTIMIZATION_LEVEL = "-Owholemodule";
				TARGETED_DEVICE_FAMILY = "1,2";
				VALIDATE_PRODUCT = YES;
			};
			name = Release;
		};
		C9FCD8A21E8B399400543D1F /* Debug */ = {
			isa = XCBuildConfiguration;
			buildSettings = {
				ASSETCATALOG_COMPILER_APPICON_NAME = AppIcon;
				DEVELOPMENT_TEAM = J58EZ286ED;
				INFOPLIST_FILE = SlideshowApp/Info.plist;
				LD_RUNPATH_SEARCH_PATHS = "$(inherited) @executable_path/Frameworks";
				PRODUCT_BUNDLE_IDENTIFIER = "jp.techacademy.Shuta-Kobayashi.SlideshowApp";
				PRODUCT_NAME = "$(TARGET_NAME)";
				SWIFT_VERSION = 3.0;
			};
			name = Debug;
		};
		C9FCD8A31E8B399400543D1F /* Release */ = {
			isa = XCBuildConfiguration;
			buildSettings = {
				ASSETCATALOG_COMPILER_APPICON_NAME = AppIcon;
				DEVELOPMENT_TEAM = J58EZ286ED;
				INFOPLIST_FILE = SlideshowApp/Info.plist;
				LD_RUNPATH_SEARCH_PATHS = "$(inherited) @executable_path/Frameworks";
				PRODUCT_BUNDLE_IDENTIFIER = "jp.techacademy.Shuta-Kobayashi.SlideshowApp";
				PRODUCT_NAME = "$(TARGET_NAME)";
				SWIFT_VERSION = 3.0;
			};
			name = Release;
		};
/* End XCBuildConfiguration section */

/* Begin XCConfigurationList section */
		C9FCD88A1E8B399400543D1F /* Build configuration list for PBXProject "SlideshowApp" */ = {
			isa = XCConfigurationList;
			buildConfigurations = (
				C9FCD89F1E8B399400543D1F /* Debug */,
				C9FCD8A01E8B399400543D1F /* Release */,
			);
			defaultConfigurationIsVisible = 0;
			defaultConfigurationName = Release;
		};
		C9FCD8A11E8B399400543D1F /* Build configuration list for PBXNativeTarget "SlideshowApp" */ = {
			isa = XCConfigurationList;
			buildConfigurations = (
				C9FCD8A21E8B399400543D1F /* Debug */,
				C9FCD8A31E8B399400543D1F /* Release */,
			);
			defaultConfigurationIsVisible = 0;
		};
/* End XCConfigurationList section */
	};
	rootObject = C9FCD8871E8B399400543D1F /* Project object */;
}
